// !$*UTF8*$!
{
	archiveVersion = 1;
	classes = {
	};
	objectVersion = 46;
	objects = {

/* Begin PBXBuildFile section */
		1A1A069B13FEDEEC00CA6645 /* UIKit.framework in Frameworks */ = {isa = PBXBuildFile; fileRef = 1A1A069A13FEDEEC00CA6645 /* UIKit.framework */; };
		1A1A069D13FEDEEC00CA6645 /* Foundation.framework in Frameworks */ = {isa = PBXBuildFile; fileRef = 1A1A069C13FEDEEC00CA6645 /* Foundation.framework */; };
		1A1A069F13FEDEEC00CA6645 /* CoreGraphics.framework in Frameworks */ = {isa = PBXBuildFile; fileRef = 1A1A069E13FEDEEC00CA6645 /* CoreGraphics.framework */; };
		1A1A06A513FEDEEC00CA6645 /* InfoPlist.strings in Resources */ = {isa = PBXBuildFile; fileRef = 1A1A06A313FEDEEC00CA6645 /* InfoPlist.strings */; };
		1A1A06A713FEDEEC00CA6645 /* main.m in Sources */ = {isa = PBXBuildFile; fileRef = 1A1A06A613FEDEEC00CA6645 /* main.m */; };
		1A1A06AB13FEDEEC00CA6645 /* DemoAppDelegate.m in Sources */ = {isa = PBXBuildFile; fileRef = 1A1A06AA13FEDEEC00CA6645 /* DemoAppDelegate.m */; };
		1A1A06AE13FEDEEC00CA6645 /* DemoViewController.m in Sources */ = {isa = PBXBuildFile; fileRef = 1A1A06AD13FEDEEC00CA6645 /* DemoViewController.m */; };
		1A1A06BB13FEE01C00CA6645 /* JSTokenButton.m in Sources */ = {isa = PBXBuildFile; fileRef = 1A1A06B813FEE01C00CA6645 /* JSTokenButton.m */; };
		1A1A06BC13FEE01C00CA6645 /* JSTokenField.m in Sources */ = {isa = PBXBuildFile; fileRef = 1A1A06BA13FEE01C00CA6645 /* JSTokenField.m */; };
		1A1A06C113FEE2D900CA6645 /* tokenHighlighted.png in Resources */ = {isa = PBXBuildFile; fileRef = 1A1A06BD13FEE2D900CA6645 /* tokenHighlighted.png */; };
		1A1A06C213FEE2D900CA6645 /* tokenHighlighted@2x.png in Resources */ = {isa = PBXBuildFile; fileRef = 1A1A06BE13FEE2D900CA6645 /* tokenHighlighted@2x.png */; };
		1A1A06C313FEE2D900CA6645 /* tokenNormal.png in Resources */ = {isa = PBXBuildFile; fileRef = 1A1A06BF13FEE2D900CA6645 /* tokenNormal.png */; };
		1A1A06C413FEE2D900CA6645 /* tokenNormal@2x.png in Resources */ = {isa = PBXBuildFile; fileRef = 1A1A06C013FEE2D900CA6645 /* tokenNormal@2x.png */; };
		1A1A06CF13FF000C00CA6645 /* AddressBook.framework in Frameworks */ = {isa = PBXBuildFile; fileRef = 1A1A06CD13FF000C00CA6645 /* AddressBook.framework */; };
		1A1A06D013FF000C00CA6645 /* AddressBookUI.framework in Frameworks */ = {isa = PBXBuildFile; fileRef = 1A1A06CE13FF000C00CA6645 /* AddressBookUI.framework */; };
		751112591A39F76C003EC6C8 /* Default-568h@2x.png in Resources */ = {isa = PBXBuildFile; fileRef = 751112581A39F76C003EC6C8 /* Default-568h@2x.png */; };
		7511125B1A39F82A003EC6C8 /* Storyboard.storyboard in Resources */ = {isa = PBXBuildFile; fileRef = 7511125A1A39F82A003EC6C8 /* Storyboard.storyboard */; };
		B71650D1144399F800EBF2C7 /* Foundation.framework in Frameworks */ = {isa = PBXBuildFile; fileRef = 1A1A069C13FEDEEC00CA6645 /* Foundation.framework */; };
		B71650DB14439A0500EBF2C7 /* JSTokenField.h in Headers */ = {isa = PBXBuildFile; fileRef = 1A1A06B913FEE01C00CA6645 /* JSTokenField.h */; };
		B71650DC14439A0500EBF2C7 /* JSTokenField.m in Sources */ = {isa = PBXBuildFile; fileRef = 1A1A06BA13FEE01C00CA6645 /* JSTokenField.m */; };
		B71650DD14439A0500EBF2C7 /* JSTokenButton.h in Headers */ = {isa = PBXBuildFile; fileRef = 1A1A06B713FEE01C00CA6645 /* JSTokenButton.h */; };
		B71650DE14439A0500EBF2C7 /* JSTokenButton.m in Sources */ = {isa = PBXBuildFile; fileRef = 1A1A06B813FEE01C00CA6645 /* JSTokenButton.m */; };
		B7A8303716D2D21500E7587F /* JSBackspaceReportingTextField.m in Sources */ = {isa = PBXBuildFile; fileRef = B7A8303616D2D21500E7587F /* JSBackspaceReportingTextField.m */; };
		B7A8303816D2D2E700E7587F /* JSBackspaceReportingTextField.m in Sources */ = {isa = PBXBuildFile; fileRef = B7A8303616D2D21500E7587F /* JSBackspaceReportingTextField.m */; };
/* End PBXBuildFile section */

/* Begin PBXFileReference section */
		1A1A069613FEDEEC00CA6645 /* JSTokenField.app */ = {isa = PBXFileReference; explicitFileType = wrapper.application; includeInIndex = 0; path = JSTokenField.app; sourceTree = BUILT_PRODUCTS_DIR; };
		1A1A069A13FEDEEC00CA6645 /* UIKit.framework */ = {isa = PBXFileReference; lastKnownFileType = wrapper.framework; name = UIKit.framework; path = System/Library/Frameworks/UIKit.framework; sourceTree = SDKROOT; };
		1A1A069C13FEDEEC00CA6645 /* Foundation.framework */ = {isa = PBXFileReference; lastKnownFileType = wrapper.framework; name = Foundation.framework; path = System/Library/Frameworks/Foundation.framework; sourceTree = SDKROOT; };
		1A1A069E13FEDEEC00CA6645 /* CoreGraphics.framework */ = {isa = PBXFileReference; lastKnownFileType = wrapper.framework; name = CoreGraphics.framework; path = System/Library/Frameworks/CoreGraphics.framework; sourceTree = SDKROOT; };
		1A1A06A213FEDEEC00CA6645 /* JSTokenField-Info.plist */ = {isa = PBXFileReference; lastKnownFileType = text.plist.xml; path = "JSTokenField-Info.plist"; sourceTree = "<group>"; };
		1A1A06A413FEDEEC00CA6645 /* en */ = {isa = PBXFileReference; lastKnownFileType = text.plist.strings; name = en; path = en.lproj/InfoPlist.strings; sourceTree = "<group>"; };
		1A1A06A613FEDEEC00CA6645 /* main.m */ = {isa = PBXFileReference; lastKnownFileType = sourcecode.c.objc; path = main.m; sourceTree = "<group>"; };
		1A1A06A813FEDEEC00CA6645 /* JSTokenField-Prefix.pch */ = {isa = PBXFileReference; lastKnownFileType = sourcecode.c.h; path = "JSTokenField-Prefix.pch"; sourceTree = "<group>"; };
		1A1A06A913FEDEEC00CA6645 /* DemoAppDelegate.h */ = {isa = PBXFileReference; lastKnownFileType = sourcecode.c.h; path = DemoAppDelegate.h; sourceTree = "<group>"; };
		1A1A06AA13FEDEEC00CA6645 /* DemoAppDelegate.m */ = {isa = PBXFileReference; lastKnownFileType = sourcecode.c.objc; path = DemoAppDelegate.m; sourceTree = "<group>"; };
		1A1A06AC13FEDEEC00CA6645 /* DemoViewController.h */ = {isa = PBXFileReference; lastKnownFileType = sourcecode.c.h; path = DemoViewController.h; sourceTree = "<group>"; };
		1A1A06AD13FEDEEC00CA6645 /* DemoViewController.m */ = {isa = PBXFileReference; lastKnownFileType = sourcecode.c.objc; path = DemoViewController.m; sourceTree = "<group>"; };
		1A1A06B713FEE01C00CA6645 /* JSTokenButton.h */ = {isa = PBXFileReference; fileEncoding = 4; lastKnownFileType = sourcecode.c.h; path = JSTokenButton.h; sourceTree = "<group>"; };
		1A1A06B813FEE01C00CA6645 /* JSTokenButton.m */ = {isa = PBXFileReference; fileEncoding = 4; lastKnownFileType = sourcecode.c.objc; path = JSTokenButton.m; sourceTree = "<group>"; };
		1A1A06B913FEE01C00CA6645 /* JSTokenField.h */ = {isa = PBXFileReference; fileEncoding = 4; lastKnownFileType = sourcecode.c.h; path = JSTokenField.h; sourceTree = "<group>"; };
		1A1A06BA13FEE01C00CA6645 /* JSTokenField.m */ = {isa = PBXFileReference; fileEncoding = 4; lastKnownFileType = sourcecode.c.objc; path = JSTokenField.m; sourceTree = "<group>"; usesTabs = 1; };
		1A1A06BD13FEE2D900CA6645 /* tokenHighlighted.png */ = {isa = PBXFileReference; lastKnownFileType = image.png; path = tokenHighlighted.png; sourceTree = "<group>"; };
		1A1A06BE13FEE2D900CA6645 /* tokenHighlighted@2x.png */ = {isa = PBXFileReference; lastKnownFileType = image.png; path = "tokenHighlighted@2x.png"; sourceTree = "<group>"; };
		1A1A06BF13FEE2D900CA6645 /* tokenNormal.png */ = {isa = PBXFileReference; lastKnownFileType = image.png; path = tokenNormal.png; sourceTree = "<group>"; };
		1A1A06C013FEE2D900CA6645 /* tokenNormal@2x.png */ = {isa = PBXFileReference; lastKnownFileType = image.png; path = "tokenNormal@2x.png"; sourceTree = "<group>"; };
		1A1A06CD13FF000C00CA6645 /* AddressBook.framework */ = {isa = PBXFileReference; lastKnownFileType = wrapper.framework; name = AddressBook.framework; path = System/Library/Frameworks/AddressBook.framework; sourceTree = SDKROOT; };
		1A1A06CE13FF000C00CA6645 /* AddressBookUI.framework */ = {isa = PBXFileReference; lastKnownFileType = wrapper.framework; name = AddressBookUI.framework; path = System/Library/Frameworks/AddressBookUI.framework; sourceTree = SDKROOT; };
		751112581A39F76C003EC6C8 /* Default-568h@2x.png */ = {isa = PBXFileReference; lastKnownFileType = image.png; path = "Default-568h@2x.png"; sourceTree = "<group>"; };
		7511125A1A39F82A003EC6C8 /* Storyboard.storyboard */ = {isa = PBXFileReference; fileEncoding = 4; lastKnownFileType = file.storyboard; path = Storyboard.storyboard; sourceTree = "<group>"; };
		B71650D0144399F800EBF2C7 /* libJSTokenFieldLibrary.a */ = {isa = PBXFileReference; explicitFileType = archive.ar; includeInIndex = 0; path = libJSTokenFieldLibrary.a; sourceTree = BUILT_PRODUCTS_DIR; };
		B7A8303516D2D21500E7587F /* JSBackspaceReportingTextField.h */ = {isa = PBXFileReference; fileEncoding = 4; lastKnownFileType = sourcecode.c.h; path = JSBackspaceReportingTextField.h; sourceTree = "<group>"; };
		B7A8303616D2D21500E7587F /* JSBackspaceReportingTextField.m */ = {isa = PBXFileReference; fileEncoding = 4; lastKnownFileType = sourcecode.c.objc; path = JSBackspaceReportingTextField.m; sourceTree = "<group>"; };
/* End PBXFileReference section */

/* Begin PBXFrameworksBuildPhase section */
		1A1A069313FEDEEC00CA6645 /* Frameworks */ = {
			isa = PBXFrameworksBuildPhase;
			buildActionMask = 2147483647;
			files = (
				1A1A06CF13FF000C00CA6645 /* AddressBook.framework in Frameworks */,
				1A1A06D013FF000C00CA6645 /* AddressBookUI.framework in Frameworks */,
				1A1A069B13FEDEEC00CA6645 /* UIKit.framework in Frameworks */,
				1A1A069D13FEDEEC00CA6645 /* Foundation.framework in Frameworks */,
				1A1A069F13FEDEEC00CA6645 /* CoreGraphics.framework in Frameworks */,
			);
			runOnlyForDeploymentPostprocessing = 0;
		};
		B71650CD144399F800EBF2C7 /* Frameworks */ = {
			isa = PBXFrameworksBuildPhase;
			buildActionMask = 2147483647;
			files = (
				B71650D1144399F800EBF2C7 /* Foundation.framework in Frameworks */,
			);
			runOnlyForDeploymentPostprocessing = 0;
		};
/* End PBXFrameworksBuildPhase section */

/* Begin PBXGroup section */
		1A1A068B13FEDEEC00CA6645 = {
			isa = PBXGroup;
			children = (
				751112581A39F76C003EC6C8 /* Default-568h@2x.png */,
				1A1A06A013FEDEEC00CA6645 /* JSTokenField */,
				1A1A069913FEDEEC00CA6645 /* Frameworks */,
				1A1A069713FEDEEC00CA6645 /* Products */,
			);
			sourceTree = "<group>";
		};
		1A1A069713FEDEEC00CA6645 /* Products */ = {
			isa = PBXGroup;
			children = (
				1A1A069613FEDEEC00CA6645 /* JSTokenField.app */,
				B71650D0144399F800EBF2C7 /* libJSTokenFieldLibrary.a */,
			);
			name = Products;
			sourceTree = "<group>";
		};
		1A1A069913FEDEEC00CA6645 /* Frameworks */ = {
			isa = PBXGroup;
			children = (
				1A1A06CD13FF000C00CA6645 /* AddressBook.framework */,
				1A1A06CE13FF000C00CA6645 /* AddressBookUI.framework */,
				1A1A069A13FEDEEC00CA6645 /* UIKit.framework */,
				1A1A069C13FEDEEC00CA6645 /* Foundation.framework */,
				1A1A069E13FEDEEC00CA6645 /* CoreGraphics.framework */,
			);
			name = Frameworks;
			sourceTree = "<group>";
		};
		1A1A06A013FEDEEC00CA6645 /* JSTokenField */ = {
			isa = PBXGroup;
			children = (
				1A1A06A913FEDEEC00CA6645 /* DemoAppDelegate.h */,
				1A1A06AA13FEDEEC00CA6645 /* DemoAppDelegate.m */,
				1A1A06AC13FEDEEC00CA6645 /* DemoViewController.h */,
				1A1A06AD13FEDEEC00CA6645 /* DemoViewController.m */,
				1A1A06B913FEE01C00CA6645 /* JSTokenField.h */,
				1A1A06BA13FEE01C00CA6645 /* JSTokenField.m */,
				1A1A06B713FEE01C00CA6645 /* JSTokenButton.h */,
				1A1A06B813FEE01C00CA6645 /* JSTokenButton.m */,
				7511125A1A39F82A003EC6C8 /* Storyboard.storyboard */,
				1A1A06A113FEDEEC00CA6645 /* Supporting Files */,
				B7A8303516D2D21500E7587F /* JSBackspaceReportingTextField.h */,
				B7A8303616D2D21500E7587F /* JSBackspaceReportingTextField.m */,
			);
			path = JSTokenField;
			sourceTree = "<group>";
		};
		1A1A06A113FEDEEC00CA6645 /* Supporting Files */ = {
			isa = PBXGroup;
			children = (
				1A1A06A213FEDEEC00CA6645 /* JSTokenField-Info.plist */,
				1A1A06A313FEDEEC00CA6645 /* InfoPlist.strings */,
				1A1A06A613FEDEEC00CA6645 /* main.m */,
				1A1A06A813FEDEEC00CA6645 /* JSTokenField-Prefix.pch */,
				1A1A06BD13FEE2D900CA6645 /* tokenHighlighted.png */,
				1A1A06BE13FEE2D900CA6645 /* tokenHighlighted@2x.png */,
				1A1A06BF13FEE2D900CA6645 /* tokenNormal.png */,
				1A1A06C013FEE2D900CA6645 /* tokenNormal@2x.png */,
			);
			name = "Supporting Files";
			sourceTree = "<group>";
		};
/* End PBXGroup section */

/* Begin PBXHeadersBuildPhase section */
		B71650CE144399F800EBF2C7 /* Headers */ = {
			isa = PBXHeadersBuildPhase;
			buildActionMask = 2147483647;
			files = (
				B71650DB14439A0500EBF2C7 /* JSTokenField.h in Headers */,
				B71650DD14439A0500EBF2C7 /* JSTokenButton.h in Headers */,
			);
			runOnlyForDeploymentPostprocessing = 0;
		};
/* End PBXHeadersBuildPhase section */

/* Begin PBXNativeTarget section */
		1A1A069513FEDEEC00CA6645 /* JSTokenField */ = {
			isa = PBXNativeTarget;
			buildConfigurationList = 1A1A06B413FEDEEC00CA6645 /* Build configuration list for PBXNativeTarget "JSTokenField" */;
			buildPhases = (
				1A1A069213FEDEEC00CA6645 /* Sources */,
				1A1A069313FEDEEC00CA6645 /* Frameworks */,
				1A1A069413FEDEEC00CA6645 /* Resources */,
			);
			buildRules = (
			);
			dependencies = (
			);
			name = JSTokenField;
			productName = JSTokenField;
			productReference = 1A1A069613FEDEEC00CA6645 /* JSTokenField.app */;
			productType = "com.apple.product-type.application";
		};
		B71650CF144399F800EBF2C7 /* JSTokenFieldLibrary */ = {
			isa = PBXNativeTarget;
			buildConfigurationList = B71650D8144399F900EBF2C7 /* Build configuration list for PBXNativeTarget "JSTokenFieldLibrary" */;
			buildPhases = (
				B71650CC144399F800EBF2C7 /* Sources */,
				B71650CD144399F800EBF2C7 /* Frameworks */,
				B71650CE144399F800EBF2C7 /* Headers */,
			);
			buildRules = (
			);
			dependencies = (
			);
			name = JSTokenFieldLibrary;
			productName = JSTokenFieldLibrary;
			productReference = B71650D0144399F800EBF2C7 /* libJSTokenFieldLibrary.a */;
			productType = "com.apple.product-type.library.static";
		};
/* End PBXNativeTarget section */

/* Begin PBXProject section */
		1A1A068D13FEDEEC00CA6645 /* Project object */ = {
			isa = PBXProject;
			attributes = {
				LastUpgradeCheck = 0610;
				ORGANIZATIONNAME = JamSoft;
			};
			buildConfigurationList = 1A1A069013FEDEEC00CA6645 /* Build configuration list for PBXProject "JSTokenField" */;
			compatibilityVersion = "Xcode 3.2";
			developmentRegion = English;
			hasScannedForEncodings = 0;
			knownRegions = (
				en,
			);
			mainGroup = 1A1A068B13FEDEEC00CA6645;
			productRefGroup = 1A1A069713FEDEEC00CA6645 /* Products */;
			projectDirPath = "";
			projectRoot = "";
			targets = (
				1A1A069513FEDEEC00CA6645 /* JSTokenField */,
				B71650CF144399F800EBF2C7 /* JSTokenFieldLibrary */,
			);
		};
/* End PBXProject section */

/* Begin PBXResourcesBuildPhase section */
		1A1A069413FEDEEC00CA6645 /* Resources */ = {
			isa = PBXResourcesBuildPhase;
			buildActionMask = 2147483647;
			files = (
				1A1A06A513FEDEEC00CA6645 /* InfoPlist.strings in Resources */,
				1A1A06C113FEE2D900CA6645 /* tokenHighlighted.png in Resources */,
				1A1A06C213FEE2D900CA6645 /* tokenHighlighted@2x.png in Resources */,
				1A1A06C313FEE2D900CA6645 /* tokenNormal.png in Resources */,
				751112591A39F76C003EC6C8 /* Default-568h@2x.png in Resources */,
				7511125B1A39F82A003EC6C8 /* Storyboard.storyboard in Resources */,
				1A1A06C413FEE2D900CA6645 /* tokenNormal@2x.png in Resources */,
			);
			runOnlyForDeploymentPostprocessing = 0;
		};
/* End PBXResourcesBuildPhase section */

/* Begin PBXSourcesBuildPhase section */
		1A1A069213FEDEEC00CA6645 /* Sources */ = {
			isa = PBXSourcesBuildPhase;
			buildActionMask = 2147483647;
			files = (
				1A1A06A713FEDEEC00CA6645 /* main.m in Sources */,
				1A1A06AB13FEDEEC00CA6645 /* DemoAppDelegate.m in Sources */,
				1A1A06AE13FEDEEC00CA6645 /* DemoViewController.m in Sources */,
				1A1A06BB13FEE01C00CA6645 /* JSTokenButton.m in Sources */,
				1A1A06BC13FEE01C00CA6645 /* JSTokenField.m in Sources */,
				B7A8303716D2D21500E7587F /* JSBackspaceReportingTextField.m in Sources */,
			);
			runOnlyForDeploymentPostprocessing = 0;
		};
		B71650CC144399F800EBF2C7 /* Sources */ = {
			isa = PBXSourcesBuildPhase;
			buildActionMask = 2147483647;
			files = (
				B71650DC14439A0500EBF2C7 /* JSTokenField.m in Sources */,
				B71650DE14439A0500EBF2C7 /* JSTokenButton.m in Sources */,
				B7A8303816D2D2E700E7587F /* JSBackspaceReportingTextField.m in Sources */,
			);
			runOnlyForDeploymentPostprocessing = 0;
		};
/* End PBXSourcesBuildPhase section */

/* Begin PBXVariantGroup section */
		1A1A06A313FEDEEC00CA6645 /* InfoPlist.strings */ = {
			isa = PBXVariantGroup;
			children = (
				1A1A06A413FEDEEC00CA6645 /* en */,
			);
			name = InfoPlist.strings;
			sourceTree = "<group>";
		};
/* End PBXVariantGroup section */

/* Begin XCBuildConfiguration section */
		1A1A06B213FEDEEC00CA6645 /* Debug */ = {
			isa = XCBuildConfiguration;
			buildSettings = {
				ALWAYS_SEARCH_USER_PATHS = NO;
				CLANG_ENABLE_OBJC_ARC = NO;
				CLANG_WARN_BOOL_CONVERSION = YES;
				CLANG_WARN_CONSTANT_CONVERSION = YES;
				CLANG_WARN_EMPTY_BODY = YES;
				CLANG_WARN_ENUM_CONVERSION = YES;
				CLANG_WARN_INT_CONVERSION = YES;
				CLANG_WARN_UNREACHABLE_CODE = YES;
				CLANG_WARN__DUPLICATE_METHOD_MATCH = YES;
				"CODE_SIGN_IDENTITY[sdk=iphoneos*]" = "iPhone Developer";
				COPY_PHASE_STRIP = NO;
				ENABLE_STRICT_OBJC_MSGSEND = YES;
				GCC_C_LANGUAGE_STANDARD = gnu99;
				GCC_DYNAMIC_NO_PIC = NO;
				GCC_OPTIMIZATION_LEVEL = 0;
				GCC_PREPROCESSOR_DEFINITIONS = (
					"DEBUG=1",
					"$(inherited)",
				);
				GCC_SYMBOLS_PRIVATE_EXTERN = NO;
				GCC_VERSION = com.apple.compilers.llvm.clang.1_0;
				GCC_WARN_64_TO_32_BIT_CONVERSION = YES;
				GCC_WARN_ABOUT_MISSING_PROTOTYPES = YES;
				GCC_WARN_ABOUT_RETURN_TYPE = YES;
				GCC_WARN_UNDECLARED_SELECTOR = YES;
				GCC_WARN_UNINITIALIZED_AUTOS = YES;
				GCC_WARN_UNUSED_FUNCTION = YES;
				GCC_WARN_UNUSED_VARIABLE = YES;
				IPHONEOS_DEPLOYMENT_TARGET = 8.1;
				ONLY_ACTIVE_ARCH = YES;
				SDKROOT = iphoneos;
			};
			name = Debug;
		};
		1A1A06B313FEDEEC00CA6645 /* Release */ = {
			isa = XCBuildConfiguration;
			buildSettings = {
				ALWAYS_SEARCH_USER_PATHS = NO;
				CLANG_ENABLE_OBJC_ARC = NO;
				CLANG_WARN_BOOL_CONVERSION = YES;
				CLANG_WARN_CONSTANT_CONVERSION = YES;
				CLANG_WARN_EMPTY_BODY = YES;
				CLANG_WARN_ENUM_CONVERSION = YES;
				CLANG_WARN_INT_CONVERSION = YES;
				CLANG_WARN_UNREACHABLE_CODE = YES;
				CLANG_WARN__DUPLICATE_METHOD_MATCH = YES;
				"CODE_SIGN_IDENTITY[sdk=iphoneos*]" = "iPhone Developer";
				COPY_PHASE_STRIP = YES;
				ENABLE_STRICT_OBJC_MSGSEND = YES;
				GCC_C_LANGUAGE_STANDARD = gnu99;
				GCC_VERSION = com.apple.compilers.llvm.clang.1_0;
				GCC_WARN_64_TO_32_BIT_CONVERSION = YES;
				GCC_WARN_ABOUT_MISSING_PROTOTYPES = YES;
				GCC_WARN_ABOUT_RETURN_TYPE = YES;
				GCC_WARN_UNDECLARED_SELECTOR = YES;
				GCC_WARN_UNINITIALIZED_AUTOS = YES;
				GCC_WARN_UNUSED_FUNCTION = YES;
				GCC_WARN_UNUSED_VARIABLE = YES;
				IPHONEOS_DEPLOYMENT_TARGET = 8.1;
				OTHER_CFLAGS = "-DNS_BLOCK_ASSERTIONS=1";
				SDKROOT = iphoneos;
				VALIDATE_PRODUCT = YES;
			};
			name = Release;
		};
		1A1A06B513FEDEEC00CA6645 /* Debug */ = {
			isa = XCBuildConfiguration;
			buildSettings = {
				CLANG_ENABLE_OBJC_ARC = YES;
				GCC_PRECOMPILE_PREFIX_HEADER = YES;
				GCC_PREFIX_HEADER = "JSTokenField/JSTokenField-Prefix.pch";
				INFOPLIST_FILE = "JSTokenField/JSTokenField-Info.plist";
				IPHONEOS_DEPLOYMENT_TARGET = 7.0;
				PRODUCT_NAME = "$(TARGET_NAME)";
				TARGETED_DEVICE_FAMILY = "1,2";
				WRAPPER_EXTENSION = app;
			};
			name = Debug;
		};
		1A1A06B613FEDEEC00CA6645 /* Release */ = {
			isa = XCBuildConfiguration;
			buildSettings = {
				CLANG_ENABLE_OBJC_ARC = YES;
				GCC_PRECOMPILE_PREFIX_HEADER = YES;
				GCC_PREFIX_HEADER = "JSTokenField/JSTokenField-Prefix.pch";
				INFOPLIST_FILE = "JSTokenField/JSTokenField-Info.plist";
				IPHONEOS_DEPLOYMENT_TARGET = 7.0;
				PRODUCT_NAME = "$(TARGET_NAME)";
				TARGETED_DEVICE_FAMILY = "1,2";
				WRAPPER_EXTENSION = app;
			};
			name = Release;
		};
		B71650D9144399F900EBF2C7 /* Debug */ = {
			isa = XCBuildConfiguration;
			buildSettings = {
				DSTROOT = /tmp/JSTokenFieldLibrary.dst;
				OTHER_LDFLAGS = "-ObjC";
				PRODUCT_NAME = "$(TARGET_NAME)";
				SKIP_INSTALL = YES;
			};
			name = Debug;
		};
		B71650DA144399F900EBF2C7 /* Release */ = {
			isa = XCBuildConfiguration;
			buildSettings = {
				DSTROOT = /tmp/JSTokenFieldLibrary.dst;
				OTHER_LDFLAGS = "-ObjC";
				PRODUCT_NAME = "$(TARGET_NAME)";
				SKIP_INSTALL = YES;
			};
			name = Release;
		};
/* End XCBuildConfiguration section */

/* Begin XCConfigurationList section */
		1A1A069013FEDEEC00CA6645 /* Build configuration list for PBXProject "JSTokenField" */ = {
			isa = XCConfigurationList;
			buildConfigurations = (
				1A1A06B213FEDEEC00CA6645 /* Debug */,
				1A1A06B313FEDEEC00CA6645 /* Release */,
			);
			defaultConfigurationIsVisible = 0;
			defaultConfigurationName = Release;
		};
		1A1A06B413FEDEEC00CA6645 /* Build configuration list for PBXNativeTarget "JSTokenField" */ = {
			isa = XCConfigurationList;
			buildConfigurations = (
				1A1A06B513FEDEEC00CA6645 /* Debug */,
				1A1A06B613FEDEEC00CA6645 /* Release */,
			);
			defaultConfigurationIsVisible = 0;
			defaultConfigurationName = Release;
		};
		B71650D8144399F900EBF2C7 /* Build configuration list for PBXNativeTarget "JSTokenFieldLibrary" */ = {
			isa = XCConfigurationList;
			buildConfigurations = (
				B71650D9144399F900EBF2C7 /* Debug */,
				B71650DA144399F900EBF2C7 /* Release */,
			);
			defaultConfigurationIsVisible = 0;
			defaultConfigurationName = Release;
		};
/* End XCConfigurationList section */
	};
	rootObject = 1A1A068D13FEDEEC00CA6645 /* Project object */;
}
