// !$*UTF8*$!
{
	archiveVersion = 1;
	classes = {
	};
	objectVersion = 46;
	objects = {

/* Begin PBXBuildFile section */
		1A1A069B13FEDEEC00CA6645 /* UIKit.framework in Frameworks */ = {isa = PBXBuildFile; fileRef = 1A1A069A13FEDEEC00CA6645 /* UIKit.framework */; };
		1A1A069D13FEDEEC00CA6645 /* Foundation.framework in Frameworks */ = {isa = PBXBuildFile; fileRef = 1A1A069C13FEDEEC00CA6645 /* Foundation.framework */; };
		1A1A069F13FEDEEC00CA6645 /* CoreGraphics.framework in Frameworks */ = {isa = PBXBuildFile; fileRef = 1A1A069E13FEDEEC00CA6645 /* CoreGraphics.framework */; };
		1A1A06A513FEDEEC00CA6645 /* InfoPlist.strings in Resources */ = {isa = PBXBuildFile; fileRef = 1A1A06A313FEDEEC00CA6645 /* InfoPlist.strings */; };
		1A1A06A713FEDEEC00CA6645 /* main.m in Sources */ = {isa = PBXBuildFile; fileRef = 1A1A06A613FEDEEC00CA6645 /* main.m */; };
		1A1A06AB13FEDEEC00CA6645 /* JSTokenFieldAppDelegate.m in Sources */ = {isa = PBXBuildFile; fileRef = 1A1A06AA13FEDEEC00CA6645 /* JSTokenFieldAppDelegate.m */; };
		1A1A06AE13FEDEEC00CA6645 /* JSTokenFieldViewController.m in Sources */ = {isa = PBXBuildFile; fileRef = 1A1A06AD13FEDEEC00CA6645 /* JSTokenFieldViewController.m */; };
		1A1A06B113FEDEEC00CA6645 /* JSTokenFieldViewController.xib in Resources */ = {isa = PBXBuildFile; fileRef = 1A1A06AF13FEDEEC00CA6645 /* JSTokenFieldViewController.xib */; };
/* End PBXBuildFile section */

/* Begin PBXFileReference section */
		1A1A069613FEDEEC00CA6645 /* JSTokenField.app */ = {isa = PBXFileReference; explicitFileType = wrapper.application; includeInIndex = 0; path = JSTokenField.app; sourceTree = BUILT_PRODUCTS_DIR; };
		1A1A069A13FEDEEC00CA6645 /* UIKit.framework */ = {isa = PBXFileReference; lastKnownFileType = wrapper.framework; name = UIKit.framework; path = System/Library/Frameworks/UIKit.framework; sourceTree = SDKROOT; };
		1A1A069C13FEDEEC00CA6645 /* Foundation.framework */ = {isa = PBXFileReference; lastKnownFileType = wrapper.framework; name = Foundation.framework; path = System/Library/Frameworks/Foundation.framework; sourceTree = SDKROOT; };
		1A1A069E13FEDEEC00CA6645 /* CoreGraphics.framework */ = {isa = PBXFileReference; lastKnownFileType = wrapper.framework; name = CoreGraphics.framework; path = System/Library/Frameworks/CoreGraphics.framework; sourceTree = SDKROOT; };
		1A1A06A213FEDEEC00CA6645 /* JSTokenField-Info.plist */ = {isa = PBXFileReference; path = "JSTokenField-Info.plist"; sourceTree = "<group>"; };
		1A1A06A413FEDEEC00CA6645 /* en */ = {isa = PBXFileReference; lastKnownFileType = text.plist.strings; name = en; path = en.lproj/InfoPlist.strings; sourceTree = "<group>"; };
		1A1A06A613FEDEEC00CA6645 /* main.m */ = {isa = PBXFileReference; lastKnownFileType = sourcecode.c.objc; path = main.m; sourceTree = "<group>"; };
		1A1A06A813FEDEEC00CA6645 /* JSTokenField-Prefix.pch */ = {isa = PBXFileReference; path = "JSTokenField-Prefix.pch"; sourceTree = "<group>"; };
		1A1A06A913FEDEEC00CA6645 /* JSTokenFieldAppDelegate.h */ = {isa = PBXFileReference; path = JSTokenFieldAppDelegate.h; sourceTree = "<group>"; };
		1A1A06AA13FEDEEC00CA6645 /* JSTokenFieldAppDelegate.m */ = {isa = PBXFileReference; lastKnownFileType = sourcecode.c.objc; path = JSTokenFieldAppDelegate.m; sourceTree = "<group>"; };
		1A1A06AC13FEDEEC00CA6645 /* JSTokenFieldViewController.h */ = {isa = PBXFileReference; path = JSTokenFieldViewController.h; sourceTree = "<group>"; };
		1A1A06AD13FEDEEC00CA6645 /* JSTokenFieldViewController.m */ = {isa = PBXFileReference; lastKnownFileType = sourcecode.c.objc; path = JSTokenFieldViewController.m; sourceTree = "<group>"; };
		1A1A06B013FEDEEC00CA6645 /* en */ = {isa = PBXFileReference; lastKnownFileType = file.xib; name = en; path = en.lproj/JSTokenFieldViewController.xib; sourceTree = "<group>"; };
/* End PBXFileReference section */

/* Begin PBXFrameworksBuildPhase section */
		1A1A069313FEDEEC00CA6645 /* Frameworks */ = {
			isa = PBXFrameworksBuildPhase;
			buildActionMask = 2147483647;
			files = (
				1A1A069B13FEDEEC00CA6645 /* UIKit.framework in Frameworks */,
				1A1A069D13FEDEEC00CA6645 /* Foundation.framework in Frameworks */,
				1A1A069F13FEDEEC00CA6645 /* CoreGraphics.framework in Frameworks */,
			);
			runOnlyForDeploymentPostprocessing = 0;
		};
/* End PBXFrameworksBuildPhase section */

/* Begin PBXGroup section */
		1A1A068B13FEDEEC00CA6645 = {
			isa = PBXGroup;
			children = (
				1A1A06A013FEDEEC00CA6645 /* JSTokenField */,
				1A1A069913FEDEEC00CA6645 /* Frameworks */,
				1A1A069713FEDEEC00CA6645 /* Products */,
			);
			sourceTree = "<group>";
		};
		1A1A069713FEDEEC00CA6645 /* Products */ = {
			isa = PBXGroup;
			children = (
				1A1A069613FEDEEC00CA6645 /* JSTokenField.app */,
			);
			name = Products;
			sourceTree = "<group>";
		};
		1A1A069913FEDEEC00CA6645 /* Frameworks */ = {
			isa = PBXGroup;
			children = (
				1A1A069A13FEDEEC00CA6645 /* UIKit.framework */,
				1A1A069C13FEDEEC00CA6645 /* Foundation.framework */,
				1A1A069E13FEDEEC00CA6645 /* CoreGraphics.framework */,
			);
			name = Frameworks;
			sourceTree = "<group>";
		};
		1A1A06A013FEDEEC00CA6645 /* JSTokenField */ = {
			isa = PBXGroup;
			children = (
				1A1A06A913FEDEEC00CA6645 /* JSTokenFieldAppDelegate.h */,
				1A1A06AA13FEDEEC00CA6645 /* JSTokenFieldAppDelegate.m */,
				1A1A06AC13FEDEEC00CA6645 /* JSTokenFieldViewController.h */,
				1A1A06AD13FEDEEC00CA6645 /* JSTokenFieldViewController.m */,
				1A1A06AF13FEDEEC00CA6645 /* JSTokenFieldViewController.xib */,
				1A1A06A113FEDEEC00CA6645 /* Supporting Files */,
			);
			path = JSTokenField;
			sourceTree = "<group>";
		};
		1A1A06A113FEDEEC00CA6645 /* Supporting Files */ = {
			isa = PBXGroup;
			children = (
				1A1A06A213FEDEEC00CA6645 /* JSTokenField-Info.plist */,
				1A1A06A313FEDEEC00CA6645 /* InfoPlist.strings */,
				1A1A06A613FEDEEC00CA6645 /* main.m */,
				1A1A06A813FEDEEC00CA6645 /* JSTokenField-Prefix.pch */,
			);
			name = "Supporting Files";
			sourceTree = "<group>";
		};
/* End PBXGroup section */

/* Begin PBXNativeTarget section */
		1A1A069513FEDEEC00CA6645 /* JSTokenField */ = {
			isa = PBXNativeTarget;
			buildConfigurationList = 1A1A06B413FEDEEC00CA6645 /* Build configuration list for PBXNativeTarget "JSTokenField" */;
			buildPhases = (
				1A1A069213FEDEEC00CA6645 /* Sources */,
				1A1A069313FEDEEC00CA6645 /* Frameworks */,
				1A1A069413FEDEEC00CA6645 /* Resources */,
			);
			buildRules = (
			);
			dependencies = (
			);
			name = JSTokenField;
			productName = JSTokenField;
			productReference = 1A1A069613FEDEEC00CA6645 /* JSTokenField.app */;
			productType = "com.apple.product-type.application";
		};
/* End PBXNativeTarget section */

/* Begin PBXProject section */
		1A1A068D13FEDEEC00CA6645 /* Project object */ = {
			isa = PBXProject;
			attributes = {
				ORGANIZATIONNAME = JamSoft;
			};
			buildConfigurationList = 1A1A069013FEDEEC00CA6645 /* Build configuration list for PBXProject "JSTokenField" */;
			compatibilityVersion = "Xcode 3.2";
			developmentRegion = English;
			hasScannedForEncodings = 0;
			knownRegions = (
				en,
			);
			mainGroup = 1A1A068B13FEDEEC00CA6645;
			productRefGroup = 1A1A069713FEDEEC00CA6645 /* Products */;
			projectDirPath = "";
			projectRoot = "";
			targets = (
				1A1A069513FEDEEC00CA6645 /* JSTokenField */,
			);
		};
/* End PBXProject section */

/* Begin PBXResourcesBuildPhase section */
		1A1A069413FEDEEC00CA6645 /* Resources */ = {
			isa = PBXResourcesBuildPhase;
			buildActionMask = 2147483647;
			files = (
				1A1A06A513FEDEEC00CA6645 /* InfoPlist.strings in Resources */,
				1A1A06B113FEDEEC00CA6645 /* JSTokenFieldViewController.xib in Resources */,
			);
			runOnlyForDeploymentPostprocessing = 0;
		};
/* End PBXResourcesBuildPhase section */

/* Begin PBXSourcesBuildPhase section */
		1A1A069213FEDEEC00CA6645 /* Sources */ = {
			isa = PBXSourcesBuildPhase;
			buildActionMask = 2147483647;
			files = (
				1A1A06A713FEDEEC00CA6645 /* main.m in Sources */,
				1A1A06AB13FEDEEC00CA6645 /* JSTokenFieldAppDelegate.m in Sources */,
				1A1A06AE13FEDEEC00CA6645 /* JSTokenFieldViewController.m in Sources */,
			);
			runOnlyForDeploymentPostprocessing = 0;
		};
/* End PBXSourcesBuildPhase section */

/* Begin PBXVariantGroup section */
		1A1A06A313FEDEEC00CA6645 /* InfoPlist.strings */ = {
			isa = PBXVariantGroup;
			children = (
				1A1A06A413FEDEEC00CA6645 /* en */,
			);
			name = InfoPlist.strings;
			sourceTree = "<group>";
		};
		1A1A06AF13FEDEEC00CA6645 /* JSTokenFieldViewController.xib */ = {
			isa = PBXVariantGroup;
			children = (
				1A1A06B013FEDEEC00CA6645 /* en */,
			);
			name = JSTokenFieldViewController.xib;
			sourceTree = "<group>";
		};
/* End PBXVariantGroup section */

/* Begin XCBuildConfiguration section */
		1A1A06B213FEDEEC00CA6645 /* Debug */ = {
			isa = XCBuildConfiguration;
			buildSettings = {
				ALWAYS_SEARCH_USER_PATHS = NO;
				ARCHS = "$(ARCHS_STANDARD_32_BIT)";
				CLANG_ENABLE_OBJC_ARC = YES;
				"CODE_SIGN_IDENTITY[sdk=iphoneos*]" = "iPhone Developer";
				COPY_PHASE_STRIP = NO;
				GCC_C_LANGUAGE_STANDARD = gnu99;
				GCC_DYNAMIC_NO_PIC = NO;
				GCC_OPTIMIZATION_LEVEL = 0;
				GCC_PREPROCESSOR_DEFINITIONS = (
					"DEBUG=1",
					"$(inherited)",
				);
				GCC_SYMBOLS_PRIVATE_EXTERN = NO;
				GCC_VERSION = com.apple.compilers.llvm.clang.1_0;
				GCC_WARN_ABOUT_MISSING_PROTOTYPES = YES;
				GCC_WARN_ABOUT_RETURN_TYPE = YES;
				GCC_WARN_UNUSED_VARIABLE = YES;
				IPHONEOS_DEPLOYMENT_TARGET = 5.0;
				SDKROOT = iphoneos;
			};
			name = Debug;
		};
		1A1A06B313FEDEEC00CA6645 /* Release */ = {
			isa = XCBuildConfiguration;
			buildSettings = {
				ALWAYS_SEARCH_USER_PATHS = NO;
				ARCHS = "$(ARCHS_STANDARD_32_BIT)";
				CLANG_ENABLE_OBJC_ARC = YES;
				"CODE_SIGN_IDENTITY[sdk=iphoneos*]" = "iPhone Developer";
				COPY_PHASE_STRIP = YES;
				GCC_C_LANGUAGE_STANDARD = gnu99;
				GCC_VERSION = com.apple.compilers.llvm.clang.1_0;
				GCC_WARN_ABOUT_MISSING_PROTOTYPES = YES;
				GCC_WARN_ABOUT_RETURN_TYPE = YES;
				GCC_WARN_UNUSED_VARIABLE = YES;
				IPHONEOS_DEPLOYMENT_TARGET = 5.0;
				OTHER_CFLAGS = "-DNS_BLOCK_ASSERTIONS=1";
				SDKROOT = iphoneos;
				VALIDATE_PRODUCT = YES;
			};
			name = Release;
		};
		1A1A06B513FEDEEC00CA6645 /* Debug */ = {
			isa = XCBuildConfiguration;
			buildSettings = {
				GCC_PRECOMPILE_PREFIX_HEADER = YES;
				GCC_PREFIX_HEADER = "JSTokenField/JSTokenField-Prefix.pch";
				INFOPLIST_FILE = "JSTokenField/JSTokenField-Info.plist";
				PRODUCT_NAME = "$(TARGET_NAME)";
				WRAPPER_EXTENSION = app;
			};
			name = Debug;
		};
		1A1A06B613FEDEEC00CA6645 /* Release */ = {
			isa = XCBuildConfiguration;
			buildSettings = {
				GCC_PRECOMPILE_PREFIX_HEADER = YES;
				GCC_PREFIX_HEADER = "JSTokenField/JSTokenField-Prefix.pch";
				INFOPLIST_FILE = "JSTokenField/JSTokenField-Info.plist";
				PRODUCT_NAME = "$(TARGET_NAME)";
				WRAPPER_EXTENSION = app;
			};
			name = Release;
		};
/* End XCBuildConfiguration section */

/* Begin XCConfigurationList section */
		1A1A069013FEDEEC00CA6645 /* Build configuration list for PBXProject "JSTokenField" */ = {
			isa = XCConfigurationList;
			buildConfigurations = (
				1A1A06B213FEDEEC00CA6645 /* Debug */,
				1A1A06B313FEDEEC00CA6645 /* Release */,
			);
			defaultConfigurationIsVisible = 0;
			defaultConfigurationName = Release;
		};
		1A1A06B413FEDEEC00CA6645 /* Build configuration list for PBXNativeTarget "JSTokenField" */ = {
			isa = XCConfigurationList;
			buildConfigurations = (
				1A1A06B513FEDEEC00CA6645 /* Debug */,
				1A1A06B613FEDEEC00CA6645 /* Release */,
			);
			defaultConfigurationIsVisible = 0;
		};
/* End XCConfigurationList section */
	};
	rootObject = 1A1A068D13FEDEEC00CA6645 /* Project object */;
}
